
Microsoft Visual Studio Solution File, Format Version 12.00
# Visual Studio Version 17
VisualStudioVersion = 17.14.36915.13 d17.14
MinimumVisualStudioVersion = 10.0.40219.1
Project("{FAE04EC0-301F-11D3-BF4B-00C04F79EFBC}") = "Chat Assistant", "Chat Assistant\Chat Assistant.csproj", "{CD7BD0B9-9A2E-4BD4-9AB5-2EB82188174C}"
EndProject
Global
	GlobalSection(SolutionConfigurationPlatforms) = preSolution
		Debug|Any CPU = Debug|Any CPU
		Release|Any CPU = Release|Any CPU
	EndGlobalSection
	GlobalSection(ProjectConfigurationPlatforms) = postSolution
		{CD7BD0B9-9A2E-4BD4-9AB5-2EB82188174C}.Debug|Any CPU.ActiveCfg = Debug|Any CPU
		{CD7BD0B9-9A2E-4BD4-9AB5-2EB82188174C}.Debug|Any CPU.Build.0 = Debug|Any CPU
		{CD7BD0B9-9A2E-4BD4-9AB5-2EB82188174C}.Release|Any CPU.ActiveCfg = Release|Any CPU
		{CD7BD0B9-9A2E-4BD4-9AB5-2EB82188174C}.Release|Any CPU.Build.0 = Release|Any CPU
	EndGlobalSection
	GlobalSection(SolutionProperties) = preSolution
		HideSolutionNode = FALSE
	EndGlobalSection
	GlobalSection(ExtensibilityGlobals) = postSolution
		SolutionGuid = {B4065B09-E5BE-4D81-B75E-99D959886599}
	EndGlobalSection
EndGlobal
